
Microsoft Visual Studio Solution File, Format Version 11.00
# Visual Studio 2010
Project("{FAE04EC0-301F-11D3-BF4B-00C04F79EFBC}") = "Assembly-CSharp", "Assembly-CSharp.csproj", "{E6C680AA-CE77-C81C-A7EA-2626F0A0CB60}"
EndProject
Project("{FAE04EC0-301F-11D3-BF4B-00C04F79EFBC}") = "Assembly-CSharp-Editor", "Assembly-CSharp-Editor.csproj", "{8B8CE828-2431-D8AE-AC72-7E5072CC6BDC}"
EndProject
Global
	GlobalSection(SolutionConfigurationPlatforms) = preSolution
		Debug|Any CPU = Debug|Any CPU
		Release|Any CPU = Release|Any CPU
	EndGlobalSection
	GlobalSection(ProjectConfigurationPlatforms) = postSolution
		{E6C680AA-CE77-C81C-A7EA-2626F0A0CB60}.Debug|Any CPU.ActiveCfg = Debug|Any CPU
		{E6C680AA-CE77-C81C-A7EA-2626F0A0CB60}.Debug|Any CPU.Build.0 = Debug|Any CPU
		{E6C680AA-CE77-C81C-A7EA-2626F0A0CB60}.Release|Any CPU.ActiveCfg = Release|Any CPU
		{E6C680AA-CE77-C81C-A7EA-2626F0A0CB60}.Release|Any CPU.Build.0 = Release|Any CPU
		{8B8CE828-2431-D8AE-AC72-7E5072CC6BDC}.Debug|Any CPU.ActiveCfg = Debug|Any CPU
		{8B8CE828-2431-D8AE-AC72-7E5072CC6BDC}.Debug|Any CPU.Build.0 = Debug|Any CPU
		{8B8CE828-2431-D8AE-AC72-7E5072CC6BDC}.Release|Any CPU.ActiveCfg = Release|Any CPU
		{8B8CE828-2431-D8AE-AC72-7E5072CC6BDC}.Release|Any CPU.Build.0 = Release|Any CPU
	EndGlobalSection
	GlobalSection(SolutionProperties) = preSolution
		HideSolutionNode = FALSE
	EndGlobalSection
	GlobalSection(MonoDevelopProperties) = preSolution
		StartupItem = Assembly-CSharp.csproj
	EndGlobalSection
EndGlobal
